// !$*UTF8*$!
{
	archiveVersion = 1;
	classes = {
	};
	objectVersion = 46;
	objects = {

/* Begin PBXBuildFile section */
		148B7F2E1550351D00E7CDE1 /* UIKit.framework in Frameworks */ = {isa = PBXBuildFile; fileRef = 148B7F2D1550351D00E7CDE1 /* UIKit.framework */; };
		148B7F301550351D00E7CDE1 /* Foundation.framework in Frameworks */ = {isa = PBXBuildFile; fileRef = 148B7F2F1550351D00E7CDE1 /* Foundation.framework */; };
		148B7F321550351D00E7CDE1 /* CoreGraphics.framework in Frameworks */ = {isa = PBXBuildFile; fileRef = 148B7F311550351D00E7CDE1 /* CoreGraphics.framework */; };
		148B7F381550351D00E7CDE1 /* InfoPlist.strings in Resources */ = {isa = PBXBuildFile; fileRef = 148B7F361550351D00E7CDE1 /* InfoPlist.strings */; };
		148B7F3A1550351D00E7CDE1 /* main.m in Sources */ = {isa = PBXBuildFile; fileRef = 148B7F391550351D00E7CDE1 /* main.m */; };
		148B7F3E1550351D00E7CDE1 /* AppDelegate.m in Sources */ = {isa = PBXBuildFile; fileRef = 148B7F3D1550351D00E7CDE1 /* AppDelegate.m */; };
		148B7F411550351D00E7CDE1 /* ViewController.m in Sources */ = {isa = PBXBuildFile; fileRef = 148B7F401550351D00E7CDE1 /* ViewController.m */; };
		148B7F441550351E00E7CDE1 /* ViewController_iPhone.xib in Resources */ = {isa = PBXBuildFile; fileRef = 148B7F421550351E00E7CDE1 /* ViewController_iPhone.xib */; };
		148B7F471550351E00E7CDE1 /* ViewController_iPad.xib in Resources */ = {isa = PBXBuildFile; fileRef = 148B7F451550351E00E7CDE1 /* ViewController_iPad.xib */; };
/* End PBXBuildFile section */

/* Begin PBXFileReference section */
		148B7F291550351D00E7CDE1 /* project1.app */ = {isa = PBXFileReference; explicitFileType = wrapper.application; includeInIndex = 0; path = project1.app; sourceTree = BUILT_PRODUCTS_DIR; };
		148B7F2D1550351D00E7CDE1 /* UIKit.framework */ = {isa = PBXFileReference; lastKnownFileType = wrapper.framework; name = UIKit.framework; path = System/Library/Frameworks/UIKit.framework; sourceTree = SDKROOT; };
		148B7F2F1550351D00E7CDE1 /* Foundation.framework */ = {isa = PBXFileReference; lastKnownFileType = wrapper.framework; name = Foundation.framework; path = System/Library/Frameworks/Foundation.framework; sourceTree = SDKROOT; };
		148B7F311550351D00E7CDE1 /* CoreGraphics.framework */ = {isa = PBXFileReference; lastKnownFileType = wrapper.framework; name = CoreGraphics.framework; path = System/Library/Frameworks/CoreGraphics.framework; sourceTree = SDKROOT; };
		148B7F351550351D00E7CDE1 /* project1-Info.plist */ = {isa = PBXFileReference; lastKnownFileType = text.plist.xml; path = "project1-Info.plist"; sourceTree = "<group>"; };
		148B7F371550351D00E7CDE1 /* en */ = {isa = PBXFileReference; lastKnownFileType = text.plist.strings; name = en; path = en.lproj/InfoPlist.strings; sourceTree = "<group>"; };
		148B7F391550351D00E7CDE1 /* main.m */ = {isa = PBXFileReference; lastKnownFileType = sourcecode.c.objc; path = main.m; sourceTree = "<group>"; };
		148B7F3B1550351D00E7CDE1 /* project1-Prefix.pch */ = {isa = PBXFileReference; lastKnownFileType = sourcecode.c.h; path = "project1-Prefix.pch"; sourceTree = "<group>"; };
		148B7F3C1550351D00E7CDE1 /* AppDelegate.h */ = {isa = PBXFileReference; lastKnownFileType = sourcecode.c.h; path = AppDelegate.h; sourceTree = "<group>"; };
		148B7F3D1550351D00E7CDE1 /* AppDelegate.m */ = {isa = PBXFileReference; lastKnownFileType = sourcecode.c.objc; path = AppDelegate.m; sourceTree = "<group>"; };
		148B7F3F1550351D00E7CDE1 /* ViewController.h */ = {isa = PBXFileReference; lastKnownFileType = sourcecode.c.h; path = ViewController.h; sourceTree = "<group>"; };
		148B7F401550351D00E7CDE1 /* ViewController.m */ = {isa = PBXFileReference; lastKnownFileType = sourcecode.c.objc; path = ViewController.m; sourceTree = "<group>"; };
		148B7F431550351E00E7CDE1 /* en */ = {isa = PBXFileReference; lastKnownFileType = file.xib; name = en; path = en.lproj/ViewController_iPhone.xib; sourceTree = "<group>"; };
		148B7F461550351E00E7CDE1 /* en */ = {isa = PBXFileReference; lastKnownFileType = file.xib; name = en; path = en.lproj/ViewController_iPad.xib; sourceTree = "<group>"; };
/* End PBXFileReference section */

/* Begin PBXFrameworksBuildPhase section */
		148B7F261550351D00E7CDE1 /* Frameworks */ = {
			isa = PBXFrameworksBuildPhase;
			buildActionMask = 2147483647;
			files = (
				148B7F2E1550351D00E7CDE1 /* UIKit.framework in Frameworks */,
				148B7F301550351D00E7CDE1 /* Foundation.framework in Frameworks */,
				148B7F321550351D00E7CDE1 /* CoreGraphics.framework in Frameworks */,
			);
			runOnlyForDeploymentPostprocessing = 0;
		};
/* End PBXFrameworksBuildPhase section */

/* Begin PBXGroup section */
		148B7F1E1550351D00E7CDE1 = {
			isa = PBXGroup;
			children = (
				148B7F331550351D00E7CDE1 /* project1 */,
				148B7F2C1550351D00E7CDE1 /* Frameworks */,
				148B7F2A1550351D00E7CDE1 /* Products */,
			);
			sourceTree = "<group>";
		};
		148B7F2A1550351D00E7CDE1 /* Products */ = {
			isa = PBXGroup;
			children = (
				148B7F291550351D00E7CDE1 /* project1.app */,
			);
			name = Products;
			sourceTree = "<group>";
		};
		148B7F2C1550351D00E7CDE1 /* Frameworks */ = {
			isa = PBXGroup;
			children = (
				148B7F2D1550351D00E7CDE1 /* UIKit.framework */,
				148B7F2F1550351D00E7CDE1 /* Foundation.framework */,
				148B7F311550351D00E7CDE1 /* CoreGraphics.framework */,
			);
			name = Frameworks;
			sourceTree = "<group>";
		};
		148B7F331550351D00E7CDE1 /* project1 */ = {
			isa = PBXGroup;
			children = (
				148B7F3C1550351D00E7CDE1 /* AppDelegate.h */,
				148B7F3D1550351D00E7CDE1 /* AppDelegate.m */,
				148B7F3F1550351D00E7CDE1 /* ViewController.h */,
				148B7F401550351D00E7CDE1 /* ViewController.m */,
				148B7F421550351E00E7CDE1 /* ViewController_iPhone.xib */,
				148B7F451550351E00E7CDE1 /* ViewController_iPad.xib */,
				148B7F341550351D00E7CDE1 /* Supporting Files */,
			);
			path = project1;
			sourceTree = "<group>";
		};
		148B7F341550351D00E7CDE1 /* Supporting Files */ = {
			isa = PBXGroup;
			children = (
				148B7F351550351D00E7CDE1 /* project1-Info.plist */,
				148B7F361550351D00E7CDE1 /* InfoPlist.strings */,
				148B7F391550351D00E7CDE1 /* main.m */,
				148B7F3B1550351D00E7CDE1 /* project1-Prefix.pch */,
			);
			name = "Supporting Files";
			sourceTree = "<group>";
		};
/* End PBXGroup section */

/* Begin PBXNativeTarget section */
		148B7F281550351D00E7CDE1 /* project1 */ = {
			isa = PBXNativeTarget;
			buildConfigurationList = 148B7F4A1550351E00E7CDE1 /* Build configuration list for PBXNativeTarget "project1" */;
			buildPhases = (
				148B7F251550351D00E7CDE1 /* Sources */,
				148B7F261550351D00E7CDE1 /* Frameworks */,
				148B7F271550351D00E7CDE1 /* Resources */,
			);
			buildRules = (
			);
			dependencies = (
			);
			name = project1;
			productName = project1;
			productReference = 148B7F291550351D00E7CDE1 /* project1.app */;
			productType = "com.apple.product-type.application";
		};
/* End PBXNativeTarget section */

/* Begin PBXProject section */
		148B7F201550351D00E7CDE1 /* Project object */ = {
			isa = PBXProject;
			attributes = {
				LastUpgradeCheck = 0430;
			};
			buildConfigurationList = 148B7F231550351D00E7CDE1 /* Build configuration list for PBXProject "project1" */;
			compatibilityVersion = "Xcode 3.2";
			developmentRegion = English;
			hasScannedForEncodings = 0;
			knownRegions = (
				en,
			);
			mainGroup = 148B7F1E1550351D00E7CDE1;
			productRefGroup = 148B7F2A1550351D00E7CDE1 /* Products */;
			projectDirPath = "";
			projectRoot = "";
			targets = (
				148B7F281550351D00E7CDE1 /* project1 */,
			);
		};
/* End PBXProject section */

/* Begin PBXResourcesBuildPhase section */
		148B7F271550351D00E7CDE1 /* Resources */ = {
			isa = PBXResourcesBuildPhase;
			buildActionMask = 2147483647;
			files = (
				148B7F381550351D00E7CDE1 /* InfoPlist.strings in Resources */,
				148B7F441550351E00E7CDE1 /* ViewController_iPhone.xib in Resources */,
				148B7F471550351E00E7CDE1 /* ViewController_iPad.xib in Resources */,
			);
			runOnlyForDeploymentPostprocessing = 0;
		};
/* End PBXResourcesBuildPhase section */

/* Begin PBXSourcesBuildPhase section */
		148B7F251550351D00E7CDE1 /* Sources */ = {
			isa = PBXSourcesBuildPhase;
			buildActionMask = 2147483647;
			files = (
				148B7F3A1550351D00E7CDE1 /* main.m in Sources */,
				148B7F3E1550351D00E7CDE1 /* AppDelegate.m in Sources */,
				148B7F411550351D00E7CDE1 /* ViewController.m in Sources */,
			);
			runOnlyForDeploymentPostprocessing = 0;
		};
/* End PBXSourcesBuildPhase section */

/* Begin PBXVariantGroup section */
		148B7F361550351D00E7CDE1 /* InfoPlist.strings */ = {
			isa = PBXVariantGroup;
			children = (
				148B7F371550351D00E7CDE1 /* en */,
			);
			name = InfoPlist.strings;
			sourceTree = "<group>";
		};
		148B7F421550351E00E7CDE1 /* ViewController_iPhone.xib */ = {
			isa = PBXVariantGroup;
			children = (
				148B7F431550351E00E7CDE1 /* en */,
			);
			name = ViewController_iPhone.xib;
			sourceTree = "<group>";
		};
		148B7F451550351E00E7CDE1 /* ViewController_iPad.xib */ = {
			isa = PBXVariantGroup;
			children = (
				148B7F461550351E00E7CDE1 /* en */,
			);
			name = ViewController_iPad.xib;
			sourceTree = "<group>";
		};
/* End PBXVariantGroup section */

/* Begin XCBuildConfiguration section */
		148B7F481550351E00E7CDE1 /* Debug */ = {
			isa = XCBuildConfiguration;
			buildSettings = {
				ALWAYS_SEARCH_USER_PATHS = NO;
				ARCHS = "$(ARCHS_STANDARD_32_BIT)";
				"CODE_SIGN_IDENTITY[sdk=iphoneos*]" = "iPhone Developer";
				COPY_PHASE_STRIP = NO;
				GCC_C_LANGUAGE_STANDARD = gnu99;
				GCC_DYNAMIC_NO_PIC = NO;
				GCC_OPTIMIZATION_LEVEL = 0;
				GCC_PREPROCESSOR_DEFINITIONS = (
					"DEBUG=1",
					"$(inherited)",
				);
				GCC_SYMBOLS_PRIVATE_EXTERN = NO;
				GCC_VERSION = com.apple.compilers.llvm.clang.1_0;
				GCC_WARN_ABOUT_RETURN_TYPE = YES;
				GCC_WARN_UNINITIALIZED_AUTOS = YES;
				GCC_WARN_UNUSED_VARIABLE = YES;
				IPHONEOS_DEPLOYMENT_TARGET = 5.0;
				SDKROOT = iphoneos;
				TARGETED_DEVICE_FAMILY = "1,2";
			};
			name = Debug;
		};
		148B7F491550351E00E7CDE1 /* Release */ = {
			isa = XCBuildConfiguration;
			buildSettings = {
				ALWAYS_SEARCH_USER_PATHS = NO;
				ARCHS = "$(ARCHS_STANDARD_32_BIT)";
				"CODE_SIGN_IDENTITY[sdk=iphoneos*]" = "iPhone Developer";
				COPY_PHASE_STRIP = YES;
				GCC_C_LANGUAGE_STANDARD = gnu99;
				GCC_VERSION = com.apple.compilers.llvm.clang.1_0;
				GCC_WARN_ABOUT_RETURN_TYPE = YES;
				GCC_WARN_UNINITIALIZED_AUTOS = YES;
				GCC_WARN_UNUSED_VARIABLE = YES;
				IPHONEOS_DEPLOYMENT_TARGET = 5.0;
				OTHER_CFLAGS = "-DNS_BLOCK_ASSERTIONS=1";
				SDKROOT = iphoneos;
				TARGETED_DEVICE_FAMILY = "1,2";
				VALIDATE_PRODUCT = YES;
			};
			name = Release;
		};
		148B7F4B1550351E00E7CDE1 /* Debug */ = {
			isa = XCBuildConfiguration;
			buildSettings = {
				GCC_PRECOMPILE_PREFIX_HEADER = YES;
				GCC_PREFIX_HEADER = "project1/project1-Prefix.pch";
				INFOPLIST_FILE = "project1/project1-Info.plist";
				PRODUCT_NAME = "$(TARGET_NAME)";
				WRAPPER_EXTENSION = app;
			};
			name = Debug;
		};
		148B7F4C1550351E00E7CDE1 /* Release */ = {
			isa = XCBuildConfiguration;
			buildSettings = {
				GCC_PRECOMPILE_PREFIX_HEADER = YES;
				GCC_PREFIX_HEADER = "project1/project1-Prefix.pch";
				INFOPLIST_FILE = "project1/project1-Info.plist";
				PRODUCT_NAME = "$(TARGET_NAME)";
				WRAPPER_EXTENSION = app;
			};
			name = Release;
		};
/* End XCBuildConfiguration section */

/* Begin XCConfigurationList section */
		148B7F231550351D00E7CDE1 /* Build configuration list for PBXProject "project1" */ = {
			isa = XCConfigurationList;
			buildConfigurations = (
				148B7F481550351E00E7CDE1 /* Debug */,
				148B7F491550351E00E7CDE1 /* Release */,
			);
			defaultConfigurationIsVisible = 0;
			defaultConfigurationName = Release;
		};
		148B7F4A1550351E00E7CDE1 /* Build configuration list for PBXNativeTarget "project1" */ = {
			isa = XCConfigurationList;
			buildConfigurations = (
				148B7F4B1550351E00E7CDE1 /* Debug */,
				148B7F4C1550351E00E7CDE1 /* Release */,
			);
			defaultConfigurationIsVisible = 0;
		};
/* End XCConfigurationList section */
	};
	rootObject = 148B7F201550351D00E7CDE1 /* Project object */;
}
