// !$*UTF8*$!
{
	archiveVersion = 1;
	classes = {
	};
	objectVersion = 46;
	objects = {

/* Begin PBXBuildFile section */
		148D903A1562C64E006433D8 /* UIKit.framework in Frameworks */ = {isa = PBXBuildFile; fileRef = 148D90391562C64E006433D8 /* UIKit.framework */; };
		148D903C1562C64E006433D8 /* Foundation.framework in Frameworks */ = {isa = PBXBuildFile; fileRef = 148D903B1562C64E006433D8 /* Foundation.framework */; };
		148D903E1562C64E006433D8 /* CoreGraphics.framework in Frameworks */ = {isa = PBXBuildFile; fileRef = 148D903D1562C64E006433D8 /* CoreGraphics.framework */; };
		148D90441562C64E006433D8 /* InfoPlist.strings in Resources */ = {isa = PBXBuildFile; fileRef = 148D90421562C64E006433D8 /* InfoPlist.strings */; };
		148D90461562C64E006433D8 /* main.m in Sources */ = {isa = PBXBuildFile; fileRef = 148D90451562C64E006433D8 /* main.m */; };
		148D904A1562C64E006433D8 /* AppDelegate.m in Sources */ = {isa = PBXBuildFile; fileRef = 148D90491562C64E006433D8 /* AppDelegate.m */; };
		148D904D1562C64E006433D8 /* ViewController.m in Sources */ = {isa = PBXBuildFile; fileRef = 148D904C1562C64E006433D8 /* ViewController.m */; };
		148D90501562C64E006433D8 /* ViewController_iPhone.xib in Resources */ = {isa = PBXBuildFile; fileRef = 148D904E1562C64E006433D8 /* ViewController_iPhone.xib */; };
		148D905A1562C775006433D8 /* secondView.xib in Resources */ = {isa = PBXBuildFile; fileRef = 148D90591562C775006433D8 /* secondView.xib */; };
		148D905D1562C7A5006433D8 /* SecondViewController.m in Sources */ = {isa = PBXBuildFile; fileRef = 148D905C1562C7A5006433D8 /* SecondViewController.m */; };
/* End PBXBuildFile section */

/* Begin PBXFileReference section */
		148D90351562C64E006433D8 /* project3.app */ = {isa = PBXFileReference; explicitFileType = wrapper.application; includeInIndex = 0; path = project3.app; sourceTree = BUILT_PRODUCTS_DIR; };
		148D90391562C64E006433D8 /* UIKit.framework */ = {isa = PBXFileReference; lastKnownFileType = wrapper.framework; name = UIKit.framework; path = System/Library/Frameworks/UIKit.framework; sourceTree = SDKROOT; };
		148D903B1562C64E006433D8 /* Foundation.framework */ = {isa = PBXFileReference; lastKnownFileType = wrapper.framework; name = Foundation.framework; path = System/Library/Frameworks/Foundation.framework; sourceTree = SDKROOT; };
		148D903D1562C64E006433D8 /* CoreGraphics.framework */ = {isa = PBXFileReference; lastKnownFileType = wrapper.framework; name = CoreGraphics.framework; path = System/Library/Frameworks/CoreGraphics.framework; sourceTree = SDKROOT; };
		148D90411562C64E006433D8 /* project3-Info.plist */ = {isa = PBXFileReference; lastKnownFileType = text.plist.xml; path = "project3-Info.plist"; sourceTree = "<group>"; };
		148D90431562C64E006433D8 /* en */ = {isa = PBXFileReference; lastKnownFileType = text.plist.strings; name = en; path = en.lproj/InfoPlist.strings; sourceTree = "<group>"; };
		148D90451562C64E006433D8 /* main.m */ = {isa = PBXFileReference; lastKnownFileType = sourcecode.c.objc; path = main.m; sourceTree = "<group>"; };
		148D90471562C64E006433D8 /* project3-Prefix.pch */ = {isa = PBXFileReference; lastKnownFileType = sourcecode.c.h; path = "project3-Prefix.pch"; sourceTree = "<group>"; };
		148D90481562C64E006433D8 /* AppDelegate.h */ = {isa = PBXFileReference; lastKnownFileType = sourcecode.c.h; path = AppDelegate.h; sourceTree = "<group>"; };
		148D90491562C64E006433D8 /* AppDelegate.m */ = {isa = PBXFileReference; lastKnownFileType = sourcecode.c.objc; path = AppDelegate.m; sourceTree = "<group>"; };
		148D904B1562C64E006433D8 /* ViewController.h */ = {isa = PBXFileReference; lastKnownFileType = sourcecode.c.h; path = ViewController.h; sourceTree = "<group>"; };
		148D904C1562C64E006433D8 /* ViewController.m */ = {isa = PBXFileReference; lastKnownFileType = sourcecode.c.objc; path = ViewController.m; sourceTree = "<group>"; };
		148D904F1562C64E006433D8 /* en */ = {isa = PBXFileReference; lastKnownFileType = file.xib; name = en; path = en.lproj/ViewController_iPhone.xib; sourceTree = "<group>"; };
		148D90591562C775006433D8 /* secondView.xib */ = {isa = PBXFileReference; fileEncoding = 4; lastKnownFileType = file.xib; path = secondView.xib; sourceTree = "<group>"; };
		148D905B1562C7A5006433D8 /* SecondViewController.h */ = {isa = PBXFileReference; fileEncoding = 4; lastKnownFileType = sourcecode.c.h; path = SecondViewController.h; sourceTree = "<group>"; };
		148D905C1562C7A5006433D8 /* SecondViewController.m */ = {isa = PBXFileReference; fileEncoding = 4; lastKnownFileType = sourcecode.c.objc; path = SecondViewController.m; sourceTree = "<group>"; };
/* End PBXFileReference section */

/* Begin PBXFrameworksBuildPhase section */
		148D90321562C64E006433D8 /* Frameworks */ = {
			isa = PBXFrameworksBuildPhase;
			buildActionMask = 2147483647;
			files = (
				148D903A1562C64E006433D8 /* UIKit.framework in Frameworks */,
				148D903C1562C64E006433D8 /* Foundation.framework in Frameworks */,
				148D903E1562C64E006433D8 /* CoreGraphics.framework in Frameworks */,
			);
			runOnlyForDeploymentPostprocessing = 0;
		};
/* End PBXFrameworksBuildPhase section */

/* Begin PBXGroup section */
		148D902A1562C64D006433D8 = {
			isa = PBXGroup;
			children = (
				148D903F1562C64E006433D8 /* project3 */,
				148D90381562C64E006433D8 /* Frameworks */,
				148D90361562C64E006433D8 /* Products */,
			);
			sourceTree = "<group>";
		};
		148D90361562C64E006433D8 /* Products */ = {
			isa = PBXGroup;
			children = (
				148D90351562C64E006433D8 /* project3.app */,
			);
			name = Products;
			sourceTree = "<group>";
		};
		148D90381562C64E006433D8 /* Frameworks */ = {
			isa = PBXGroup;
			children = (
				148D90391562C64E006433D8 /* UIKit.framework */,
				148D903B1562C64E006433D8 /* Foundation.framework */,
				148D903D1562C64E006433D8 /* CoreGraphics.framework */,
			);
			name = Frameworks;
			sourceTree = "<group>";
		};
		148D903F1562C64E006433D8 /* project3 */ = {
			isa = PBXGroup;
			children = (
				148D90481562C64E006433D8 /* AppDelegate.h */,
				148D90491562C64E006433D8 /* AppDelegate.m */,
				148D904B1562C64E006433D8 /* ViewController.h */,
				148D904C1562C64E006433D8 /* ViewController.m */,
				148D904E1562C64E006433D8 /* ViewController_iPhone.xib */,
				148D90401562C64E006433D8 /* Supporting Files */,
				148D90591562C775006433D8 /* secondView.xib */,
				148D905B1562C7A5006433D8 /* SecondViewController.h */,
				148D905C1562C7A5006433D8 /* SecondViewController.m */,
			);
			path = project3;
			sourceTree = "<group>";
		};
		148D90401562C64E006433D8 /* Supporting Files */ = {
			isa = PBXGroup;
			children = (
				148D90411562C64E006433D8 /* project3-Info.plist */,
				148D90421562C64E006433D8 /* InfoPlist.strings */,
				148D90451562C64E006433D8 /* main.m */,
				148D90471562C64E006433D8 /* project3-Prefix.pch */,
			);
			name = "Supporting Files";
			sourceTree = "<group>";
		};
/* End PBXGroup section */

/* Begin PBXNativeTarget section */
		148D90341562C64E006433D8 /* project3 */ = {
			isa = PBXNativeTarget;
			buildConfigurationList = 148D90561562C64E006433D8 /* Build configuration list for PBXNativeTarget "project3" */;
			buildPhases = (
				148D90311562C64E006433D8 /* Sources */,
				148D90321562C64E006433D8 /* Frameworks */,
				148D90331562C64E006433D8 /* Resources */,
			);
			buildRules = (
			);
			dependencies = (
			);
			name = project3;
			productName = project3;
			productReference = 148D90351562C64E006433D8 /* project3.app */;
			productType = "com.apple.product-type.application";
		};
/* End PBXNativeTarget section */

/* Begin PBXProject section */
		148D902C1562C64D006433D8 /* Project object */ = {
			isa = PBXProject;
			attributes = {
				LastUpgradeCheck = 0430;
			};
			buildConfigurationList = 148D902F1562C64D006433D8 /* Build configuration list for PBXProject "project3" */;
			compatibilityVersion = "Xcode 3.2";
			developmentRegion = English;
			hasScannedForEncodings = 0;
			knownRegions = (
				en,
			);
			mainGroup = 148D902A1562C64D006433D8;
			productRefGroup = 148D90361562C64E006433D8 /* Products */;
			projectDirPath = "";
			projectRoot = "";
			targets = (
				148D90341562C64E006433D8 /* project3 */,
			);
		};
/* End PBXProject section */

/* Begin PBXResourcesBuildPhase section */
		148D90331562C64E006433D8 /* Resources */ = {
			isa = PBXResourcesBuildPhase;
			buildActionMask = 2147483647;
			files = (
				148D90441562C64E006433D8 /* InfoPlist.strings in Resources */,
				148D90501562C64E006433D8 /* ViewController_iPhone.xib in Resources */,
				148D905A1562C775006433D8 /* secondView.xib in Resources */,
			);
			runOnlyForDeploymentPostprocessing = 0;
		};
/* End PBXResourcesBuildPhase section */

/* Begin PBXSourcesBuildPhase section */
		148D90311562C64E006433D8 /* Sources */ = {
			isa = PBXSourcesBuildPhase;
			buildActionMask = 2147483647;
			files = (
				148D90461562C64E006433D8 /* main.m in Sources */,
				148D904A1562C64E006433D8 /* AppDelegate.m in Sources */,
				148D904D1562C64E006433D8 /* ViewController.m in Sources */,
				148D905D1562C7A5006433D8 /* SecondViewController.m in Sources */,
			);
			runOnlyForDeploymentPostprocessing = 0;
		};
/* End PBXSourcesBuildPhase section */

/* Begin PBXVariantGroup section */
		148D90421562C64E006433D8 /* InfoPlist.strings */ = {
			isa = PBXVariantGroup;
			children = (
				148D90431562C64E006433D8 /* en */,
			);
			name = InfoPlist.strings;
			sourceTree = "<group>";
		};
		148D904E1562C64E006433D8 /* ViewController_iPhone.xib */ = {
			isa = PBXVariantGroup;
			children = (
				148D904F1562C64E006433D8 /* en */,
			);
			name = ViewController_iPhone.xib;
			sourceTree = "<group>";
		};
/* End PBXVariantGroup section */

/* Begin XCBuildConfiguration section */
		148D90541562C64E006433D8 /* Debug */ = {
			isa = XCBuildConfiguration;
			buildSettings = {
				ALWAYS_SEARCH_USER_PATHS = NO;
				ARCHS = "$(ARCHS_STANDARD_32_BIT)";
				"CODE_SIGN_IDENTITY[sdk=iphoneos*]" = "iPhone Developer";
				COPY_PHASE_STRIP = NO;
				GCC_C_LANGUAGE_STANDARD = gnu99;
				GCC_DYNAMIC_NO_PIC = NO;
				GCC_OPTIMIZATION_LEVEL = 0;
				GCC_PREPROCESSOR_DEFINITIONS = (
					"DEBUG=1",
					"$(inherited)",
				);
				GCC_SYMBOLS_PRIVATE_EXTERN = NO;
				GCC_VERSION = com.apple.compilers.llvm.clang.1_0;
				GCC_WARN_ABOUT_RETURN_TYPE = YES;
				GCC_WARN_UNINITIALIZED_AUTOS = YES;
				GCC_WARN_UNUSED_VARIABLE = YES;
				IPHONEOS_DEPLOYMENT_TARGET = 5.0;
				SDKROOT = iphoneos;
				TARGETED_DEVICE_FAMILY = "1,2";
			};
			name = Debug;
		};
		148D90551562C64E006433D8 /* Release */ = {
			isa = XCBuildConfiguration;
			buildSettings = {
				ALWAYS_SEARCH_USER_PATHS = NO;
				ARCHS = "$(ARCHS_STANDARD_32_BIT)";
				"CODE_SIGN_IDENTITY[sdk=iphoneos*]" = "iPhone Developer";
				COPY_PHASE_STRIP = YES;
				GCC_C_LANGUAGE_STANDARD = gnu99;
				GCC_VERSION = com.apple.compilers.llvm.clang.1_0;
				GCC_WARN_ABOUT_RETURN_TYPE = YES;
				GCC_WARN_UNINITIALIZED_AUTOS = YES;
				GCC_WARN_UNUSED_VARIABLE = YES;
				IPHONEOS_DEPLOYMENT_TARGET = 5.0;
				OTHER_CFLAGS = "-DNS_BLOCK_ASSERTIONS=1";
				SDKROOT = iphoneos;
				TARGETED_DEVICE_FAMILY = "1,2";
				VALIDATE_PRODUCT = YES;
			};
			name = Release;
		};
		148D90571562C64E006433D8 /* Debug */ = {
			isa = XCBuildConfiguration;
			buildSettings = {
				GCC_PRECOMPILE_PREFIX_HEADER = YES;
				GCC_PREFIX_HEADER = "project3/project3-Prefix.pch";
				INFOPLIST_FILE = "project3/project3-Info.plist";
				PRODUCT_NAME = "$(TARGET_NAME)";
				WRAPPER_EXTENSION = app;
			};
			name = Debug;
		};
		148D90581562C64E006433D8 /* Release */ = {
			isa = XCBuildConfiguration;
			buildSettings = {
				GCC_PRECOMPILE_PREFIX_HEADER = YES;
				GCC_PREFIX_HEADER = "project3/project3-Prefix.pch";
				INFOPLIST_FILE = "project3/project3-Info.plist";
				PRODUCT_NAME = "$(TARGET_NAME)";
				WRAPPER_EXTENSION = app;
			};
			name = Release;
		};
/* End XCBuildConfiguration section */

/* Begin XCConfigurationList section */
		148D902F1562C64D006433D8 /* Build configuration list for PBXProject "project3" */ = {
			isa = XCConfigurationList;
			buildConfigurations = (
				148D90541562C64E006433D8 /* Debug */,
				148D90551562C64E006433D8 /* Release */,
			);
			defaultConfigurationIsVisible = 0;
			defaultConfigurationName = Release;
		};
		148D90561562C64E006433D8 /* Build configuration list for PBXNativeTarget "project3" */ = {
			isa = XCConfigurationList;
			buildConfigurations = (
				148D90571562C64E006433D8 /* Debug */,
				148D90581562C64E006433D8 /* Release */,
			);
			defaultConfigurationIsVisible = 0;
			defaultConfigurationName = Release;
		};
/* End XCConfigurationList section */
	};
	rootObject = 148D902C1562C64D006433D8 /* Project object */;
}
